
Microsoft Visual Studio Solution File, Format Version 12.00
# Visual Studio Version 16
VisualStudioVersion = 16.0.30114.105
MinimumVisualStudioVersion = 10.0.40219.1
Project("{2150E333-8FDC-42A3-9474-1A3956D46DE8}") = "src", "src", "{0888E075-9139-48B3-B143-621BBE9403CD}"
EndProject
Project("{FAE04EC0-301F-11D3-BF4B-00C04F79EFBC}") = "Core", "src\Core\Core.csproj", "{AA68B725-4C51-4934-B8B1-3ACA127DF33F}"
EndProject
Project("{FAE04EC0-301F-11D3-BF4B-00C04F79EFBC}") = "Tests", "src\Tests\Tests.csproj", "{873314BE-149A-4FDC-9265-BFE009F2E119}"
EndProject
Project("{2150E333-8FDC-42A3-9474-1A3956D46DE8}") = "Avalonia", "Avalonia", "{B32F9F8A-1038-48B5-9B03-226415A49844}"
EndProject
Project("{FAE04EC0-301F-11D3-BF4B-00C04F79EFBC}") = "Avalonia", "Avalonia\Avalonia\Avalonia.csproj", "{B081DBCA-8ED2-4803-813D-5935A86F53B6}"
EndProject
Project("{FAE04EC0-301F-11D3-BF4B-00C04F79EFBC}") = "Avalonia.Android", "Avalonia\Avalonia.Android\Avalonia.Android.csproj", "{B13D0538-A1DA-423B-A63E-6A9170FD7A94}"
EndProject
Project("{FAE04EC0-301F-11D3-BF4B-00C04F79EFBC}") = "Avalonia.Desktop", "Avalonia\Avalonia.Desktop\Avalonia.Desktop.csproj", "{4D22688E-CAC5-4765-AD99-5789884B82E0}"
EndProject
Project("{FAE04EC0-301F-11D3-BF4B-00C04F79EFBC}") = "Avalonia.Web", "Avalonia\Avalonia.Web\Avalonia.Web.csproj", "{07F14EB4-0D39-446A-8597-DA80CAB5FA99}"
EndProject
Project("{FAE04EC0-301F-11D3-BF4B-00C04F79EFBC}") = "Avalonia.iOS", "Avalonia\Avalonia.iOS\Avalonia.iOS.csproj", "{54304EE3-69D9-44A1-8578-979B886A53B0}"
EndProject
Global
	GlobalSection(SolutionConfigurationPlatforms) = preSolution
		Debug|Any CPU = Debug|Any CPU
		Release|Any CPU = Release|Any CPU
	EndGlobalSection
	GlobalSection(SolutionProperties) = preSolution
		HideSolutionNode = FALSE
	EndGlobalSection
	GlobalSection(ProjectConfigurationPlatforms) = postSolution
		{AA68B725-4C51-4934-B8B1-3ACA127DF33F}.Debug|Any CPU.ActiveCfg = Debug|Any CPU
		{AA68B725-4C51-4934-B8B1-3ACA127DF33F}.Debug|Any CPU.Build.0 = Debug|Any CPU
		{AA68B725-4C51-4934-B8B1-3ACA127DF33F}.Release|Any CPU.ActiveCfg = Release|Any CPU
		{AA68B725-4C51-4934-B8B1-3ACA127DF33F}.Release|Any CPU.Build.0 = Release|Any CPU
		{873314BE-149A-4FDC-9265-BFE009F2E119}.Debug|Any CPU.ActiveCfg = Debug|Any CPU
		{873314BE-149A-4FDC-9265-BFE009F2E119}.Debug|Any CPU.Build.0 = Debug|Any CPU
		{873314BE-149A-4FDC-9265-BFE009F2E119}.Release|Any CPU.ActiveCfg = Release|Any CPU
		{873314BE-149A-4FDC-9265-BFE009F2E119}.Release|Any CPU.Build.0 = Release|Any CPU
		{B081DBCA-8ED2-4803-813D-5935A86F53B6}.Debug|Any CPU.ActiveCfg = Debug|Any CPU
		{B081DBCA-8ED2-4803-813D-5935A86F53B6}.Debug|Any CPU.Build.0 = Debug|Any CPU
		{B081DBCA-8ED2-4803-813D-5935A86F53B6}.Release|Any CPU.ActiveCfg = Release|Any CPU
		{B081DBCA-8ED2-4803-813D-5935A86F53B6}.Release|Any CPU.Build.0 = Release|Any CPU
		{B13D0538-A1DA-423B-A63E-6A9170FD7A94}.Debug|Any CPU.ActiveCfg = Debug|Any CPU
		{B13D0538-A1DA-423B-A63E-6A9170FD7A94}.Debug|Any CPU.Build.0 = Debug|Any CPU
		{B13D0538-A1DA-423B-A63E-6A9170FD7A94}.Release|Any CPU.ActiveCfg = Release|Any CPU
		{B13D0538-A1DA-423B-A63E-6A9170FD7A94}.Release|Any CPU.Build.0 = Release|Any CPU
		{4D22688E-CAC5-4765-AD99-5789884B82E0}.Debug|Any CPU.ActiveCfg = Debug|Any CPU
		{4D22688E-CAC5-4765-AD99-5789884B82E0}.Debug|Any CPU.Build.0 = Debug|Any CPU
		{4D22688E-CAC5-4765-AD99-5789884B82E0}.Release|Any CPU.ActiveCfg = Release|Any CPU
		{4D22688E-CAC5-4765-AD99-5789884B82E0}.Release|Any CPU.Build.0 = Release|Any CPU
		{07F14EB4-0D39-446A-8597-DA80CAB5FA99}.Debug|Any CPU.ActiveCfg = Debug|Any CPU
		{07F14EB4-0D39-446A-8597-DA80CAB5FA99}.Debug|Any CPU.Build.0 = Debug|Any CPU
		{07F14EB4-0D39-446A-8597-DA80CAB5FA99}.Release|Any CPU.ActiveCfg = Release|Any CPU
		{07F14EB4-0D39-446A-8597-DA80CAB5FA99}.Release|Any CPU.Build.0 = Release|Any CPU
		{54304EE3-69D9-44A1-8578-979B886A53B0}.Debug|Any CPU.ActiveCfg = Debug|Any CPU
		{54304EE3-69D9-44A1-8578-979B886A53B0}.Debug|Any CPU.Build.0 = Debug|Any CPU
		{54304EE3-69D9-44A1-8578-979B886A53B0}.Release|Any CPU.ActiveCfg = Release|Any CPU
		{54304EE3-69D9-44A1-8578-979B886A53B0}.Release|Any CPU.Build.0 = Release|Any CPU
	EndGlobalSection
	GlobalSection(NestedProjects) = preSolution
		{AA68B725-4C51-4934-B8B1-3ACA127DF33F} = {0888E075-9139-48B3-B143-621BBE9403CD}
		{873314BE-149A-4FDC-9265-BFE009F2E119} = {0888E075-9139-48B3-B143-621BBE9403CD}
		{B081DBCA-8ED2-4803-813D-5935A86F53B6} = {B32F9F8A-1038-48B5-9B03-226415A49844}
		{B13D0538-A1DA-423B-A63E-6A9170FD7A94} = {B32F9F8A-1038-48B5-9B03-226415A49844}
		{4D22688E-CAC5-4765-AD99-5789884B82E0} = {B32F9F8A-1038-48B5-9B03-226415A49844}
		{07F14EB4-0D39-446A-8597-DA80CAB5FA99} = {B32F9F8A-1038-48B5-9B03-226415A49844}
		{54304EE3-69D9-44A1-8578-979B886A53B0} = {B32F9F8A-1038-48B5-9B03-226415A49844}
	EndGlobalSection
EndGlobal
